
Microsoft Visual Studio Solution File, Format Version 12.00
# Visual Studio Version 16
VisualStudioVersion = 16.0.29123.88
MinimumVisualStudioVersion = 10.0.40219.1
Project("{FAE04EC0-301F-11D3-BF4B-00C04F79EFBC}") = "TesteSignalRMqtt", "TesteSignalRMqtt\TesteSignalRMqtt.csproj", "{6C968E2B-CBBB-4BE0-B985-45D09ED2FA4A}"
	ProjectSection(ProjectDependencies) = postProject
		{08DA8082-15E3-41B6-BD70-0715C628115A} = {08DA8082-15E3-41B6-BD70-0715C628115A}
	EndProjectSection
EndProject
Project("{FAE04EC0-301F-11D3-BF4B-00C04F79EFBC}") = "MqttService", "..\Codax\MqttService\MqttService.csproj", "{95CF881A-91EC-4230-B6D8-7194F1251AED}"
	ProjectSection(ProjectDependencies) = postProject
		{08DA8082-15E3-41B6-BD70-0715C628115A} = {08DA8082-15E3-41B6-BD70-0715C628115A}
	EndProjectSection
EndProject
Project("{FAE04EC0-301F-11D3-BF4B-00C04F79EFBC}") = "SignalShare", "SignalShare\SignalShare.csproj", "{08DA8082-15E3-41B6-BD70-0715C628115A}"
EndProject
Global
	GlobalSection(SolutionConfigurationPlatforms) = preSolution
		Debug|Any CPU = Debug|Any CPU
		Release|Any CPU = Release|Any CPU
	EndGlobalSection
	GlobalSection(ProjectConfigurationPlatforms) = postSolution
		{6C968E2B-CBBB-4BE0-B985-45D09ED2FA4A}.Debug|Any CPU.ActiveCfg = Debug|Any CPU
		{6C968E2B-CBBB-4BE0-B985-45D09ED2FA4A}.Debug|Any CPU.Build.0 = Debug|Any CPU
		{6C968E2B-CBBB-4BE0-B985-45D09ED2FA4A}.Release|Any CPU.ActiveCfg = Release|Any CPU
		{6C968E2B-CBBB-4BE0-B985-45D09ED2FA4A}.Release|Any CPU.Build.0 = Release|Any CPU
		{95CF881A-91EC-4230-B6D8-7194F1251AED}.Debug|Any CPU.ActiveCfg = Debug|Any CPU
		{95CF881A-91EC-4230-B6D8-7194F1251AED}.Debug|Any CPU.Build.0 = Debug|Any CPU
		{95CF881A-91EC-4230-B6D8-7194F1251AED}.Release|Any CPU.ActiveCfg = Release|Any CPU
		{95CF881A-91EC-4230-B6D8-7194F1251AED}.Release|Any CPU.Build.0 = Release|Any CPU
		{08DA8082-15E3-41B6-BD70-0715C628115A}.Debug|Any CPU.ActiveCfg = Debug|Any CPU
		{08DA8082-15E3-41B6-BD70-0715C628115A}.Debug|Any CPU.Build.0 = Debug|Any CPU
		{08DA8082-15E3-41B6-BD70-0715C628115A}.Release|Any CPU.ActiveCfg = Release|Any CPU
		{08DA8082-15E3-41B6-BD70-0715C628115A}.Release|Any CPU.Build.0 = Release|Any CPU
	EndGlobalSection
	GlobalSection(SolutionProperties) = preSolution
		HideSolutionNode = FALSE
	EndGlobalSection
	GlobalSection(ExtensibilityGlobals) = postSolution
		SolutionGuid = {D6EB46AE-1A22-4E5D-943F-5C181F5DC953}
	EndGlobalSection
EndGlobal
